{
  "name": "video",
  "version": "1.0.0",
  "lockfileVersion": 3,
  "requires": true,
  "packages": {
    "": {
      "name": "video",
      "version": "1.0.0",
      "license": "ISC",
      "dependencies": {
        "@fontsource/anton": "^5.2.6",
        "@fontsource/inter": "^5.2.6",
        "@fontsource/noto-sans-sc": "^5.2.6",
        "@fontsource/noto-serif-sc": "^5.2.6",
        "playwright-core": "^1.56.1",
        "three": "^0.169.0"
      }
    },
    "node_modules/@fontsource/anton": {
      "version": "5.2.6",
      "resolved": "https://registry.npmjs.org/@fontsource/anton/-/anton-5.2.6.tgz",
      "integrity": "sha512-tVKRAqItGgBVk7EkrJoLxpYwFd9PVB+KjA9lAAQKOcW+JCmqcY728182hHoOsIVoKqm210AmX6jL4N0gJ7gSAw==",
      "license": "OFL-1.1",
      "funding": {
        "url": "https://github.com/sponsors/ayuhito"
      }
    },
    "node_modules/@fontsource/inter": {
      "version": "5.2.6",
      "resolved": "https://registry.npmjs.org/@fontsource/inter/-/inter-5.2.6.tgz",
      "integrity": "sha512-CZs9S1CrjD0jPwsNy9W6j0BhsmRSQrgwlTNkgQXTsAeDRM42LBRLo3eo9gCzfH4GvV7zpyf78Ozfl773826csw==",
      "license": "OFL-1.1",
      "funding": {
        "url": "https://github.com/sponsors/ayuhito"
      }
    },
    "node_modules/@fontsource/noto-sans-sc": {
      "version": "5.2.6",
      "resolved": "https://registry.npmjs.org/@fontsource/noto-sans-sc/-/noto-sans-sc-5.2.6.tgz",
      "integrity": "sha512-hk0xVQ+mL/W0rXDhBhud2U5te/slsQKcaU+3Ni6ZxeFP1jJmcNmxHEZOG5DjLBOi0L//0R5Nwvn6ebTiZrwVZw==",
      "license": "OFL-1.1",
      "funding": {
        "url": "https://github.com/sponsors/ayuhito"
      }
    },
    "node_modules/@fontsource/noto-serif-sc": {
      "version": "5.2.6",
      "resolved": "https://registry.npmjs.org/@fontsource/noto-serif-sc/-/noto-serif-sc-5.2.6.tgz",
      "integrity": "sha512-Hag6qMMXvE6JZNTJYg6ijpRocanhym9odupJvu/c+yL8qmld4jQRQbQMR7G+t7pfGjB7HjZBDf8N1AHBS0n59g==",
      "license": "OFL-1.1",
      "funding": {
        "url": "https://github.com/sponsors/ayuhito"
      }
    },
    "node_modules/playwright-core": {
      "version": "1.56.1",
      "resolved": "https://registry.npmjs.org/playwright-core/-/playwright-core-1.56.1.tgz",
      "integrity": "sha512-hutraynyn31F+Bifme+Ps9Vq59hKuUCz7H1kDOcBs+2oGguKkWTU50bBWrtz34OUWmIwpBTWDxaRPXrIXkgvmQ==",
      "license": "Apache-2.0",
      "bin": {
        "playwright-core": "cli.js"
      },
      "engines": {
        "node": ">=18"
      }
    },
    "node_modules/three": {
      "version": "0.169.0",
      "resolved": "https://registry.npmjs.org/three/-/three-0.169.0.tgz",
      "integrity": "sha512-Ed906MA3dR4TS5riErd4QBsRGPcx+HBDX2O5yYE5GqJeFQTPU+M56Va/f/Oph9X7uZo3W3o4l2ZhBZ6f6qUv0w==",
      "license": "MIT"
    }
  }
}
